
Microsoft Visual Studio Solution File, Format Version 12.00
# Visual Studio Version 17
VisualStudioVersion = 17.8.34309.116
MinimumVisualStudioVersion = 10.0.40219.1
Project("{888888A0-9F3D-457C-B088-3A5042F75D52}") = "homework", "homework\homework.pyproj", "{2CE746EA-246D-4E54-A03F-4AC82D59E586}"
EndProject
Global
	GlobalSection(SolutionConfigurationPlatforms) = preSolution
		Debug|Any CPU = Debug|Any CPU
		Release|Any CPU = Release|Any CPU
	EndGlobalSection
	GlobalSection(ProjectConfigurationPlatforms) = postSolution
		{2CE746EA-246D-4E54-A03F-4AC82D59E586}.Debug|Any CPU.ActiveCfg = Debug|Any CPU
		{2CE746EA-246D-4E54-A03F-4AC82D59E586}.Release|Any CPU.ActiveCfg = Release|Any CPU
	EndGlobalSection
	GlobalSection(SolutionProperties) = preSolution
		HideSolutionNode = FALSE
	EndGlobalSection
	GlobalSection(ExtensibilityGlobals) = postSolution
		SolutionGuid = {6A247FCD-CF3E-4DD8-865E-F1CE71EFBC90}
	EndGlobalSection
EndGlobal
