
Microsoft Visual Studio Solution File, Format Version 12.00
# Visual Studio Version 17
VisualStudioVersion = 17.4.33205.214
MinimumVisualStudioVersion = 10.0.40219.1
Project("{888888A0-9F3D-457C-B088-3A5042F75D52}") = "30.11.23 while", "30.11.23 while.pyproj", "{44BC42D9-BECC-4A2A-84FA-9ADC106C25C1}"
EndProject
Global
	GlobalSection(SolutionConfigurationPlatforms) = preSolution
		Debug|Any CPU = Debug|Any CPU
		Release|Any CPU = Release|Any CPU
	EndGlobalSection
	GlobalSection(ProjectConfigurationPlatforms) = postSolution
		{44BC42D9-BECC-4A2A-84FA-9ADC106C25C1}.Debug|Any CPU.ActiveCfg = Debug|Any CPU
		{44BC42D9-BECC-4A2A-84FA-9ADC106C25C1}.Release|Any CPU.ActiveCfg = Release|Any CPU
	EndGlobalSection
	GlobalSection(SolutionProperties) = preSolution
		HideSolutionNode = FALSE
	EndGlobalSection
	GlobalSection(ExtensibilityGlobals) = postSolution
		SolutionGuid = {79154107-7C9E-495B-8B04-3D440370D42C}
	EndGlobalSection
EndGlobal
